{
  "name": "tag-file",
  "lockfileVersion": 3,
  "requires": true,
  "packages": {
    "": {
      "name": "tag-file",
      "license": "ISC",
      "workspaces": [
        "cli",
        "core"
      ]
    },
    "cli": {
      "name": "@tag-file/cli",
      "version": "1.0.0",
      "license": "ISC",
      "dependencies": {
        "commander": "^11.1.0"
      },
      "bin": {
        "tag-file": "main.mjs"
      }
    },
    "core": {
      "name": "@tag-file/core",
      "version": "1.0.0",
      "license": "ISC"
    },
    "node_modules/@tag-file/cli": {
      "resolved": "cli",
      "link": true
    },
    "node_modules/@tag-file/core": {
      "resolved": "core",
      "link": true
    },
    "node_modules/commander": {
      "version": "11.1.0",
      "resolved": "https://registry.npmjs.org/commander/-/commander-11.1.0.tgz",
      "integrity": "sha512-yPVavfyCcRhmorC7rWlkHn15b4wDVgVmBA7kV4QVBsF7kv/9TKJAbAXVTxvTnwP8HHKjRCJDClKbciiYS7p0DQ==",
      "engines": {
        "node": ">=16"
      }
    }
  }
}
